
Microsoft Visual Studio Solution File, Format Version 12.00
# Visual Studio Version 17
VisualStudioVersion = 17.0.32126.317
MinimumVisualStudioVersion = 10.0.40219.1
Project("{FAE04EC0-301F-11D3-BF4B-00C04F79EFBC}") = "MVCSepetTekrar_3", "MVCSepetTekrar_3\MVCSepetTekrar_3.csproj", "{8DF87EB2-394A-4B91-AC3B-78699A91B930}"
EndProject
Global
	GlobalSection(SolutionConfigurationPlatforms) = preSolution
		Debug|Any CPU = Debug|Any CPU
		Release|Any CPU = Release|Any CPU
	EndGlobalSection
	GlobalSection(ProjectConfigurationPlatforms) = postSolution
		{8DF87EB2-394A-4B91-AC3B-78699A91B930}.Debug|Any CPU.ActiveCfg = Debug|Any CPU
		{8DF87EB2-394A-4B91-AC3B-78699A91B930}.Debug|Any CPU.Build.0 = Debug|Any CPU
		{8DF87EB2-394A-4B91-AC3B-78699A91B930}.Release|Any CPU.ActiveCfg = Release|Any CPU
		{8DF87EB2-394A-4B91-AC3B-78699A91B930}.Release|Any CPU.Build.0 = Release|Any CPU
	EndGlobalSection
	GlobalSection(SolutionProperties) = preSolution
		HideSolutionNode = FALSE
	EndGlobalSection
	GlobalSection(ExtensibilityGlobals) = postSolution
		SolutionGuid = {682EB152-2D20-4402-B5F4-A90866A7447E}
	EndGlobalSection
EndGlobal
